
Microsoft Visual Studio Solution File, Format Version 12.00
# Visual Studio Version 17
VisualStudioVersion = 17.8.34525.116
MinimumVisualStudioVersion = 10.0.40219.1
Project("{8BC9CEB8-8B4A-11D0-8D11-00A0C91BC942}") = "BetterVector", "BetterVector\BetterVector.vcxproj", "{F3656621-2FA0-419B-AC3E-2C90C2CA3FB1}"
EndProject
Global
	GlobalSection(SolutionConfigurationPlatforms) = preSolution
		Debug|x64 = Debug|x64
		Debug|x86 = Debug|x86
		Release|x64 = Release|x64
		Release|x86 = Release|x86
	EndGlobalSection
	GlobalSection(ProjectConfigurationPlatforms) = postSolution
		{F3656621-2FA0-419B-AC3E-2C90C2CA3FB1}.Debug|x64.ActiveCfg = Debug|x64
		{F3656621-2FA0-419B-AC3E-2C90C2CA3FB1}.Debug|x64.Build.0 = Debug|x64
		{F3656621-2FA0-419B-AC3E-2C90C2CA3FB1}.Debug|x86.ActiveCfg = Debug|Win32
		{F3656621-2FA0-419B-AC3E-2C90C2CA3FB1}.Debug|x86.Build.0 = Debug|Win32
		{F3656621-2FA0-419B-AC3E-2C90C2CA3FB1}.Release|x64.ActiveCfg = Release|x64
		{F3656621-2FA0-419B-AC3E-2C90C2CA3FB1}.Release|x64.Build.0 = Release|x64
		{F3656621-2FA0-419B-AC3E-2C90C2CA3FB1}.Release|x86.ActiveCfg = Release|Win32
		{F3656621-2FA0-419B-AC3E-2C90C2CA3FB1}.Release|x86.Build.0 = Release|Win32
	EndGlobalSection
	GlobalSection(SolutionProperties) = preSolution
		HideSolutionNode = FALSE
	EndGlobalSection
	GlobalSection(ExtensibilityGlobals) = postSolution
		SolutionGuid = {627A0540-F303-44A7-914B-EAC9C358D0FE}
	EndGlobalSection
EndGlobal
